
Microsoft Visual Studio Solution File, Format Version 12.00
Project("{FAE04EC0-301F-11D3-BF4B-00C04F79EFBC}") = "Bogers.Chapoco.Api", "Bogers.Chapoco.Api\Bogers.Chapoco.Api.csproj", "{5F1A5FA8-9C2C-4801-BABF-044DDDE2932B}"
EndProject
Global
	GlobalSection(SolutionConfigurationPlatforms) = preSolution
		Debug|Any CPU = Debug|Any CPU
		Release|Any CPU = Release|Any CPU
	EndGlobalSection
	GlobalSection(ProjectConfigurationPlatforms) = postSolution
		{5F1A5FA8-9C2C-4801-BABF-044DDDE2932B}.Debug|Any CPU.ActiveCfg = Debug|Any CPU
		{5F1A5FA8-9C2C-4801-BABF-044DDDE2932B}.Debug|Any CPU.Build.0 = Debug|Any CPU
		{5F1A5FA8-9C2C-4801-BABF-044DDDE2932B}.Release|Any CPU.ActiveCfg = Release|Any CPU
		{5F1A5FA8-9C2C-4801-BABF-044DDDE2932B}.Release|Any CPU.Build.0 = Release|Any CPU
	EndGlobalSection
EndGlobal
